
Microsoft Visual Studio Solution File, Format Version 12.00
# Visual Studio Version 17
VisualStudioVersion = 17.8.34330.188
MinimumVisualStudioVersion = 10.0.40219.1
Project("{FAE04EC0-301F-11D3-BF4B-00C04F79EFBC}") = "CalcExample", "CalcExample.csproj", "{C65AE077-0140-4497-969B-D727C9985ADC}"
EndProject
Global
	GlobalSection(SolutionConfigurationPlatforms) = preSolution
		Debug|Any CPU = Debug|Any CPU
		Release|Any CPU = Release|Any CPU
	EndGlobalSection
	GlobalSection(ProjectConfigurationPlatforms) = postSolution
		{C65AE077-0140-4497-969B-D727C9985ADC}.Debug|Any CPU.ActiveCfg = Debug|Any CPU
		{C65AE077-0140-4497-969B-D727C9985ADC}.Debug|Any CPU.Build.0 = Debug|Any CPU
		{C65AE077-0140-4497-969B-D727C9985ADC}.Release|Any CPU.ActiveCfg = Release|Any CPU
		{C65AE077-0140-4497-969B-D727C9985ADC}.Release|Any CPU.Build.0 = Release|Any CPU
	EndGlobalSection
	GlobalSection(SolutionProperties) = preSolution
		HideSolutionNode = FALSE
	EndGlobalSection
	GlobalSection(ExtensibilityGlobals) = postSolution
		SolutionGuid = {D3BE3E64-E00A-4BB0-9334-A00B24FF1D8F}
	EndGlobalSection
EndGlobal
